
Microsoft Visual Studio Solution File, Format Version 12.00
# Visual Studio 2013
VisualStudioVersion = 12.0.21005.1
MinimumVisualStudioVersion = 10.0.40219.1
Project("{FAE04EC0-301F-11D3-BF4B-00C04F79EFBC}") = "Shapes", "Shapes\Shapes.csproj", "{EF47B463-B6A9-4AA6-97AD-630039053F24}"
EndProject
Project("{FAE04EC0-301F-11D3-BF4B-00C04F79EFBC}") = "BankAccounts", "BankAccounts\BankAccounts.csproj", "{ECDC9905-B6B7-4475-B51D-B44AD9030D0E}"
EndProject
Project("{FAE04EC0-301F-11D3-BF4B-00C04F79EFBC}") = "RangeExceptions", "RangeExceptions\RangeExceptions.csproj", "{C28EFD2A-0049-4002-9A64-4D8D73CDC939}"
EndProject
Global
	GlobalSection(SolutionConfigurationPlatforms) = preSolution
		Debug|Any CPU = Debug|Any CPU
		Release|Any CPU = Release|Any CPU
	EndGlobalSection
	GlobalSection(ProjectConfigurationPlatforms) = postSolution
		{EF47B463-B6A9-4AA6-97AD-630039053F24}.Debug|Any CPU.ActiveCfg = Debug|Any CPU
		{EF47B463-B6A9-4AA6-97AD-630039053F24}.Debug|Any CPU.Build.0 = Debug|Any CPU
		{EF47B463-B6A9-4AA6-97AD-630039053F24}.Release|Any CPU.ActiveCfg = Release|Any CPU
		{EF47B463-B6A9-4AA6-97AD-630039053F24}.Release|Any CPU.Build.0 = Release|Any CPU
		{ECDC9905-B6B7-4475-B51D-B44AD9030D0E}.Debug|Any CPU.ActiveCfg = Debug|Any CPU
		{ECDC9905-B6B7-4475-B51D-B44AD9030D0E}.Debug|Any CPU.Build.0 = Debug|Any CPU
		{ECDC9905-B6B7-4475-B51D-B44AD9030D0E}.Release|Any CPU.ActiveCfg = Release|Any CPU
		{ECDC9905-B6B7-4475-B51D-B44AD9030D0E}.Release|Any CPU.Build.0 = Release|Any CPU
		{C28EFD2A-0049-4002-9A64-4D8D73CDC939}.Debug|Any CPU.ActiveCfg = Debug|Any CPU
		{C28EFD2A-0049-4002-9A64-4D8D73CDC939}.Debug|Any CPU.Build.0 = Debug|Any CPU
		{C28EFD2A-0049-4002-9A64-4D8D73CDC939}.Release|Any CPU.ActiveCfg = Release|Any CPU
		{C28EFD2A-0049-4002-9A64-4D8D73CDC939}.Release|Any CPU.Build.0 = Release|Any CPU
	EndGlobalSection
	GlobalSection(SolutionProperties) = preSolution
		HideSolutionNode = FALSE
	EndGlobalSection
EndGlobal
