
Microsoft Visual Studio Solution File, Format Version 12.00
# Visual Studio 2013
VisualStudioVersion = 12.0.21005.1
MinimumVisualStudioVersion = 10.0.40219.1
Project("{FAE04EC0-301F-11D3-BF4B-00C04F79EFBC}") = "SizeTransforms", "SizeTransforms\SizeTransforms.csproj", "{7DC3D7F8-333C-43C9-82BE-D7A02B6236E9}"
EndProject
Project("{FAE04EC0-301F-11D3-BF4B-00C04F79EFBC}") = "PrintStatistics", "PrintStatistics\PrintStatistics.csproj", "{2C988C5C-99A2-46B9-9FCF-9E89D19CAA90}"
EndProject
Global
	GlobalSection(SolutionConfigurationPlatforms) = preSolution
		Debug|Any CPU = Debug|Any CPU
		Release|Any CPU = Release|Any CPU
	EndGlobalSection
	GlobalSection(ProjectConfigurationPlatforms) = postSolution
		{7DC3D7F8-333C-43C9-82BE-D7A02B6236E9}.Debug|Any CPU.ActiveCfg = Debug|Any CPU
		{7DC3D7F8-333C-43C9-82BE-D7A02B6236E9}.Debug|Any CPU.Build.0 = Debug|Any CPU
		{7DC3D7F8-333C-43C9-82BE-D7A02B6236E9}.Release|Any CPU.ActiveCfg = Release|Any CPU
		{7DC3D7F8-333C-43C9-82BE-D7A02B6236E9}.Release|Any CPU.Build.0 = Release|Any CPU
		{2C988C5C-99A2-46B9-9FCF-9E89D19CAA90}.Debug|Any CPU.ActiveCfg = Debug|Any CPU
		{2C988C5C-99A2-46B9-9FCF-9E89D19CAA90}.Debug|Any CPU.Build.0 = Debug|Any CPU
		{2C988C5C-99A2-46B9-9FCF-9E89D19CAA90}.Release|Any CPU.ActiveCfg = Release|Any CPU
		{2C988C5C-99A2-46B9-9FCF-9E89D19CAA90}.Release|Any CPU.Build.0 = Release|Any CPU
	EndGlobalSection
	GlobalSection(SolutionProperties) = preSolution
		HideSolutionNode = FALSE
	EndGlobalSection
EndGlobal
