
Microsoft Visual Studio Solution File, Format Version 12.00
# Visual Studio 2013
VisualStudioVersion = 12.0.21005.1
MinimumVisualStudioVersion = 10.0.40219.1
Project("{FAE04EC0-301F-11D3-BF4B-00C04F79EFBC}") = "Minesweeper", "Minesweeper\Minesweeper.csproj", "{B20E8DFD-5F12-4358-849D-1F25806E9052}"
EndProject
Project("{FAE04EC0-301F-11D3-BF4B-00C04F79EFBC}") = "People", "People\People.csproj", "{44478859-C88A-426E-8E24-83885D6AE1B5}"
EndProject
Project("{FAE04EC0-301F-11D3-BF4B-00C04F79EFBC}") = "MozillaBrowserChecker", "MozillaBrowserChecker\MozillaBrowserChecker.csproj", "{6052C79C-53A8-43F0-A0FC-70E814AEE99B}"
EndProject
Project("{FAE04EC0-301F-11D3-BF4B-00C04F79EFBC}") = "VariablePrinter", "VariablePrinter\VariablePrinter.csproj", "{A0001B22-4203-4DF1-9E03-816F99FA9D00}"
EndProject
Global
	GlobalSection(SolutionConfigurationPlatforms) = preSolution
		Debug|Any CPU = Debug|Any CPU
		Release|Any CPU = Release|Any CPU
	EndGlobalSection
	GlobalSection(ProjectConfigurationPlatforms) = postSolution
		{B20E8DFD-5F12-4358-849D-1F25806E9052}.Debug|Any CPU.ActiveCfg = Debug|Any CPU
		{B20E8DFD-5F12-4358-849D-1F25806E9052}.Debug|Any CPU.Build.0 = Debug|Any CPU
		{B20E8DFD-5F12-4358-849D-1F25806E9052}.Release|Any CPU.ActiveCfg = Release|Any CPU
		{B20E8DFD-5F12-4358-849D-1F25806E9052}.Release|Any CPU.Build.0 = Release|Any CPU
		{44478859-C88A-426E-8E24-83885D6AE1B5}.Debug|Any CPU.ActiveCfg = Debug|Any CPU
		{44478859-C88A-426E-8E24-83885D6AE1B5}.Debug|Any CPU.Build.0 = Debug|Any CPU
		{44478859-C88A-426E-8E24-83885D6AE1B5}.Release|Any CPU.ActiveCfg = Release|Any CPU
		{44478859-C88A-426E-8E24-83885D6AE1B5}.Release|Any CPU.Build.0 = Release|Any CPU
		{6052C79C-53A8-43F0-A0FC-70E814AEE99B}.Debug|Any CPU.ActiveCfg = Debug|Any CPU
		{6052C79C-53A8-43F0-A0FC-70E814AEE99B}.Debug|Any CPU.Build.0 = Debug|Any CPU
		{6052C79C-53A8-43F0-A0FC-70E814AEE99B}.Release|Any CPU.ActiveCfg = Release|Any CPU
		{6052C79C-53A8-43F0-A0FC-70E814AEE99B}.Release|Any CPU.Build.0 = Release|Any CPU
		{A0001B22-4203-4DF1-9E03-816F99FA9D00}.Debug|Any CPU.ActiveCfg = Debug|Any CPU
		{A0001B22-4203-4DF1-9E03-816F99FA9D00}.Debug|Any CPU.Build.0 = Debug|Any CPU
		{A0001B22-4203-4DF1-9E03-816F99FA9D00}.Release|Any CPU.ActiveCfg = Release|Any CPU
		{A0001B22-4203-4DF1-9E03-816F99FA9D00}.Release|Any CPU.Build.0 = Release|Any CPU
	EndGlobalSection
	GlobalSection(SolutionProperties) = preSolution
		HideSolutionNode = FALSE
	EndGlobalSection
EndGlobal
